
Microsoft Visual Studio Solution File, Format Version 12.00
# Visual Studio Version 16
VisualStudioVersion = 16.0.30717.126
MinimumVisualStudioVersion = 10.0.40219.1
Project("{FAE04EC0-301F-11D3-BF4B-00C04F79EFBC}") = "plain-sieve", "plain-sieve\plain-sieve.csproj", "{A59DB91C-7C3A-4330-BD06-124F9C2EAD71}"
EndProject
Global
	GlobalSection(SolutionConfigurationPlatforms) = preSolution
		Debug|Any CPU = Debug|Any CPU
		Release|Any CPU = Release|Any CPU
	EndGlobalSection
	GlobalSection(ProjectConfigurationPlatforms) = postSolution
		{A59DB91C-7C3A-4330-BD06-124F9C2EAD71}.Debug|Any CPU.ActiveCfg = Debug|Any CPU
		{A59DB91C-7C3A-4330-BD06-124F9C2EAD71}.Debug|Any CPU.Build.0 = Debug|Any CPU
		{A59DB91C-7C3A-4330-BD06-124F9C2EAD71}.Release|Any CPU.ActiveCfg = Release|Any CPU
		{A59DB91C-7C3A-4330-BD06-124F9C2EAD71}.Release|Any CPU.Build.0 = Release|Any CPU
	EndGlobalSection
	GlobalSection(SolutionProperties) = preSolution
		HideSolutionNode = FALSE
	EndGlobalSection
	GlobalSection(ExtensibilityGlobals) = postSolution
		SolutionGuid = {403D7953-F4DD-4925-8746-6F0BD8962569}
	EndGlobalSection
EndGlobal
